
Microsoft Visual Studio Solution File, Format Version 12.00
# Visual Studio Version 17
VisualStudioVersion = 17.4.33213.308
MinimumVisualStudioVersion = 10.0.40219.1
Project("{FAE04EC0-301F-11D3-BF4B-00C04F79EFBC}") = "Project_List_Object", "Project_List_Object\Project_List_Object.csproj", "{EABE5931-CE8D-4B24-8003-4C42A2CA64C9}"
EndProject
Global
	GlobalSection(SolutionConfigurationPlatforms) = preSolution
		Debug|Any CPU = Debug|Any CPU
		Release|Any CPU = Release|Any CPU
	EndGlobalSection
	GlobalSection(ProjectConfigurationPlatforms) = postSolution
		{EABE5931-CE8D-4B24-8003-4C42A2CA64C9}.Debug|Any CPU.ActiveCfg = Debug|Any CPU
		{EABE5931-CE8D-4B24-8003-4C42A2CA64C9}.Debug|Any CPU.Build.0 = Debug|Any CPU
		{EABE5931-CE8D-4B24-8003-4C42A2CA64C9}.Release|Any CPU.ActiveCfg = Release|Any CPU
		{EABE5931-CE8D-4B24-8003-4C42A2CA64C9}.Release|Any CPU.Build.0 = Release|Any CPU
	EndGlobalSection
	GlobalSection(SolutionProperties) = preSolution
		HideSolutionNode = FALSE
	EndGlobalSection
	GlobalSection(ExtensibilityGlobals) = postSolution
		SolutionGuid = {AD6C81A9-AD14-4794-82E0-0692ED83870D}
	EndGlobalSection
EndGlobal
